<?xml version="1.0" encoding="utf-8"?>
<Project ToolsVersion="4.0" xmlns="http://schemas.microsoft.com/developer/msbuild/2003">
  <ItemGroup>
    <Filter Include="Source Files">
      <UniqueIdentifier>{4FC737F1-C7A5-4376-A066-2A32D752A2FF}</UniqueIdentifier>
      <Extensions>cpp;c;cc;cxx;def;odl;idl;hpj;bat;asm;asmx</Extensions>
    </Filter>
    <Filter Include="Header Files">
      <UniqueIdentifier>{93995380-89BD-4b04-88EB-625FBE52EBFB}</UniqueIdentifier>
      <Extensions>h;hh;hpp;hxx;hm;inl;inc;ipp;xsd</Extensions>
    </Filter>
    <Filter Include="Resource Files">
      <UniqueIdentifier>{67DA6AB6-F800-4c08-8B7A-83BB121AAD01}</UniqueIdentifier>
      <Extensions>rc;ico;cur;bmp;dlg;rc2;rct;bin;rgs;gif;jpg;jpeg;jpe;resx;tiff;tif;png;wav;mfcribbon-ms</Extensions>
    </Filter>
    <Filter Include="Source Files\Lab1">
      <UniqueIdentifier>{d1678cc6-bec9-4488-a797-79f30ab49e9c}</UniqueIdentifier>
    </Filter>
    <Filter Include="Source Files\Lab1\Tasks">
      <UniqueIdentifier>{8787b984-f4e5-4a1f-bd96-226f2ccfc32d}</UniqueIdentifier>
    </Filter>
    <Filter Include="Source Files\Lab1\Menus">
      <UniqueIdentifier>{b235c6c6-839c-4930-9ee2-35663f270825}</UniqueIdentifier>
    </Filter>
    <Filter Include="Header Files\Lab1">
      <UniqueIdentifier>{9f82dfb8-c247-4ed6-b14c-b00cd9856334}</UniqueIdentifier>
    </Filter>
    <Filter Include="Source Files\Common">
      <UniqueIdentifier>{52c2e757-f272-44e9-95e6-c4598f6c4a6c}</UniqueIdentifier>
    </Filter>
    <Filter Include="Header Files\Common">
      <UniqueIdentifier>{02b8b6b4-6804-4dbc-af84-87b9cd0518c3}</UniqueIdentifier>
    </Filter>
    <Filter Include="Header Files\Lab1\Tasks">
      <UniqueIdentifier>{0f22634c-4801-4ac2-a470-d12276e6bac0}</UniqueIdentifier>
    </Filter>
    <Filter Include="Source Files\Lab2">
      <UniqueIdentifier>{a77a40e3-b339-432c-89c0-2318002a2737}</UniqueIdentifier>
    </Filter>
    <Filter Include="Header Files\Lab2">
      <UniqueIdentifier>{b46ca4da-3d8f-4f4c-835c-f69b7861340c}</UniqueIdentifier>
    </Filter>
    <Filter Include="Header Files\Lab2\Enums">
      <UniqueIdentifier>{094e2243-c19f-4bc2-8967-8b5b26ea57ed}</UniqueIdentifier>
    </Filter>
    <Filter Include="Source Files\Lab2\Enums">
      <UniqueIdentifier>{639d68d8-67d4-428f-bdcb-73670aa7600d}</UniqueIdentifier>
    </Filter>
    <Filter Include="Header Files\Lab2\Structures">
      <UniqueIdentifier>{9c52ec1f-bfee-4396-a83e-c94ca40abb3a}</UniqueIdentifier>
    </Filter>
    <Filter Include="Source Files\Lab2\Structures">
      <UniqueIdentifier>{ad9f8eb2-9002-46aa-a3bc-10b3067fe239}</UniqueIdentifier>
    </Filter>
    <Filter Include="Source Files\Lab3">
      <UniqueIdentifier>{4a68e939-bdc1-4cbd-87de-85b5d1160532}</UniqueIdentifier>
    </Filter>
    <Filter Include="Header Files\Lab3">
      <UniqueIdentifier>{2c70ddef-c709-4c31-b80d-f030547bbacf}</UniqueIdentifier>
    </Filter>
  </ItemGroup>
  <ItemGroup>
    <ClCompile Include="Lab1\Menus\MenuAddressesAndPointers.cpp">
      <Filter>Source Files\Lab1\Menus</Filter>
    </ClCompile>
    <ClCompile Include="Lab1\Menus\MenuAlgoritmsAndDebugging.cpp">
      <Filter>Source Files\Lab1\Menus</Filter>
    </ClCompile>
    <ClCompile Include="Lab1\Menus\MenuArrays.cpp">
      <Filter>Source Files\Lab1\Menus</Filter>
    </ClCompile>
    <ClCompile Include="Lab1\Menus\MenuDynamicMemory.cpp">
      <Filter>Source Files\Lab1\Menus</Filter>
    </ClCompile>
    <ClCompile Include="Lab1\Menus\MenuFunctions.cpp">
      <Filter>Source Files\Lab1\Menus</Filter>
    </ClCompile>
    <ClCompile Include="Common\CommonLibrary.cpp">
      <Filter>Source Files\Common</Filter>
    </ClCompile>
    <ClCompile Include="Main.cpp">
      <Filter>Source Files</Filter>
    </ClCompile>
    <ClCompile Include="Lab1\MenuLab1.cpp">
      <Filter>Source Files\Lab1</Filter>
    </ClCompile>
    <ClCompile Include="Lab2\MenuLab2.cpp">
      <Filter>Source Files\Lab2</Filter>
    </ClCompile>
    <ClCompile Include="Lab1\Tasks\Task_1_1_1.cpp">
      <Filter>Source Files\Lab1\Tasks</Filter>
    </ClCompile>
    <ClCompile Include="Lab1\Tasks\Task_1_1_2.cpp">
      <Filter>Source Files\Lab1\Tasks</Filter>
    </ClCompile>
    <ClCompile Include="Lab1\Tasks\Task_1_2_1.cpp">
      <Filter>Source Files\Lab1\Tasks</Filter>
    </ClCompile>
    <ClCompile Include="Lab1\Tasks\Task_1_2_2.cpp">
      <Filter>Source Files\Lab1\Tasks</Filter>
    </ClCompile>
    <ClCompile Include="Lab1\Tasks\Task_1_2_3.cpp">
      <Filter>Source Files\Lab1\Tasks</Filter>
    </ClCompile>
    <ClCompile Include="Lab1\Tasks\Task_1_3_3.cpp">
      <Filter>Source Files\Lab1\Tasks</Filter>
    </ClCompile>
    <ClCompile Include="Lab1\Tasks\Task_1_3_4.cpp">
      <Filter>Source Files\Lab1\Tasks</Filter>
    </ClCompile>
    <ClCompile Include="Lab1\Tasks\Task_1_4_1.cpp">
      <Filter>Source Files\Lab1\Tasks</Filter>
    </ClCompile>
    <ClCompile Include="Lab1\Tasks\Task_1_4_2.cpp">
      <Filter>Source Files\Lab1\Tasks</Filter>
    </ClCompile>
    <ClCompile Include="Lab1\Tasks\Task_1_4_3.cpp">
      <Filter>Source Files\Lab1\Tasks</Filter>
    </ClCompile>
    <ClCompile Include="Lab1\Tasks\Task_1_4_4.cpp">
      <Filter>Source Files\Lab1\Tasks</Filter>
    </ClCompile>
    <ClCompile Include="Lab1\Tasks\Task_1_4_5.cpp">
      <Filter>Source Files\Lab1\Tasks</Filter>
    </ClCompile>
    <ClCompile Include="Lab1\Tasks\Task_1_4_6.cpp">
      <Filter>Source Files\Lab1\Tasks</Filter>
    </ClCompile>
    <ClCompile Include="Lab1\Tasks\Task_1_4_8.cpp">
      <Filter>Source Files\Lab1\Tasks</Filter>
    </ClCompile>
    <ClCompile Include="Lab1\Tasks\Task_1_5_1.cpp">
      <Filter>Source Files\Lab1\Tasks</Filter>
    </ClCompile>
    <ClCompile Include="Lab1\Tasks\Task_1_5_2.cpp">
      <Filter>Source Files\Lab1\Tasks</Filter>
    </ClCompile>
    <ClCompile Include="Lab1\Tasks\Task_1_5_3.cpp">
      <Filter>Source Files\Lab1\Tasks</Filter>
    </ClCompile>
    <ClCompile Include="Lab1\Tasks\Task_1_5_4.cpp">
      <Filter>Source Files\Lab1\Tasks</Filter>
    </ClCompile>
    <ClCompile Include="Lab1\Tasks\Task_1_5_5.cpp">
      <Filter>Source Files\Lab1\Tasks</Filter>
    </ClCompile>
    <ClCompile Include="Lab1\Tasks\Task_1_5_6.cpp">
      <Filter>Source Files\Lab1\Tasks</Filter>
    </ClCompile>
    <ClCompile Include="Lab1\Tasks\Task_1_5_7.cpp">
      <Filter>Source Files\Lab1\Tasks</Filter>
    </ClCompile>
    <ClCompile Include="Lab1\Tasks\Task_1_5_8.cpp">
      <Filter>Source Files\Lab1\Tasks</Filter>
    </ClCompile>
    <ClCompile Include="Lab2\Structures\Circle.cpp">
      <Filter>Source Files\Lab2\Structures</Filter>
    </ClCompile>
    <ClCompile Include="Lab2\Enums\Color.cpp">
      <Filter>Source Files\Lab2\Enums</Filter>
    </ClCompile>
    <ClCompile Include="Lab2\Structures\Movie.cpp">
      <Filter>Source Files\Lab2\Structures</Filter>
    </ClCompile>
    <ClCompile Include="Lab2\Enums\Season.cpp">
      <Filter>Source Files\Lab2\Enums</Filter>
    </ClCompile>
    <ClCompile Include="Lab2\Enums\SmartphoneProducers.cpp">
      <Filter>Source Files\Lab2\Enums</Filter>
    </ClCompile>
    <ClCompile Include="Lab2\Enums\StudentLearningForm.cpp">
      <Filter>Source Files\Lab2\Enums</Filter>
    </ClCompile>
    <ClCompile Include="Lab2\Enums\WeekDay.cpp">
      <Filter>Source Files\Lab2\Enums</Filter>
    </ClCompile>
    <ClCompile Include="Lab3\Book.cpp">
      <Filter>Source Files\Lab3</Filter>
    </ClCompile>
    <ClCompile Include="Lab3\MenuLab3.cpp">
      <Filter>Source Files\Lab3</Filter>
    </ClCompile>
    <ClCompile Include="Lab3\Route.cpp">
      <Filter>Source Files\Lab3</Filter>
    </ClCompile>
    <ClCompile Include="Lab3\Point.cpp">
      <Filter>Source Files\Lab3</Filter>
    </ClCompile>
    <ClCompile Include="Lab2\Structures\RectangleLab2.cpp">
      <Filter>Source Files\Lab2\Structures</Filter>
    </ClCompile>
    <ClCompile Include="Lab2\Structures\TimeLab2.cpp">
      <Filter>Source Files\Lab2\Structures</Filter>
    </ClCompile>
    <ClCompile Include="Lab2\Structures\FlightLab2.cpp">
      <Filter>Source Files\Lab2\Structures</Filter>
    </ClCompile>
    <ClCompile Include="Lab2\Enums\MovieGenre.cpp">
      <Filter>Source Files\Lab2\Enums</Filter>
    </ClCompile>
    <ClCompile Include="Lab3\Flight.cpp">
      <Filter>Source Files\Lab3</Filter>
    </ClCompile>
    <ClCompile Include="Lab3\Rectangle.cpp">
      <Filter>Source Files\Lab3</Filter>
    </ClCompile>
    <ClCompile Include="Lab3\Time.cpp">
      <Filter>Source Files\Lab3</Filter>
    </ClCompile>
    <ClCompile Include="Lab3\Album.cpp">
      <Filter>Source Files\Lab3</Filter>
    </ClCompile>
    <ClCompile Include="Lab3\Song.cpp">
      <Filter>Source Files\Lab3</Filter>
    </ClCompile>
    <ClCompile Include="Lab3\Band.cpp">
      <Filter>Source Files\Lab3</Filter>
    </ClCompile>
    <ClCompile Include="Lab3\Genre.cpp">
      <Filter>Source Files</Filter>
    </ClCompile>
  </ItemGroup>
  <ItemGroup>
    <ClInclude Include="Common\CommonLibrary.h">
      <Filter>Header Files\Common</Filter>
    </ClInclude>
    <ClInclude Include="Lab1\Menus\MenusLab1.h">
      <Filter>Header Files\Lab1</Filter>
    </ClInclude>
    <ClInclude Include="Common\Menus.h">
      <Filter>Header Files\Common</Filter>
    </ClInclude>
    <ClInclude Include="Lab1\Tasks\TasksLab1.h">
      <Filter>Header Files\Lab1\Tasks</Filter>
    </ClInclude>
    <ClInclude Include="Lab2\Enums\Season.h">
      <Filter>Header Files\Lab2\Enums</Filter>
    </ClInclude>
    <ClInclude Include="Lab2\Enums\SmartphoneProducers.h">
      <Filter>Header Files\Lab2\Enums</Filter>
    </ClInclude>
    <ClInclude Include="Lab2\Enums\StudentLearningForm.h">
      <Filter>Header Files\Lab2\Enums</Filter>
    </ClInclude>
    <ClInclude Include="Lab2\Enums\WeekDay.h">
      <Filter>Header Files\Lab2\Enums</Filter>
    </ClInclude>
    <ClInclude Include="Lab2\Enums\Color.h">
      <Filter>Header Files\Lab2\Enums</Filter>
    </ClInclude>
    <ClInclude Include="Lab2\Structures\Circle.h">
      <Filter>Header Files\Lab2\Structures</Filter>
    </ClInclude>
    <ClInclude Include="Lab2\Structures\Contact.h">
      <Filter>Header Files\Lab2\Structures</Filter>
    </ClInclude>
    <ClInclude Include="Lab2\Structures\Movie.h">
      <Filter>Header Files\Lab2\Structures</Filter>
    </ClInclude>
    <ClInclude Include="Lab2\Structures\Song.h">
      <Filter>Header Files\Lab2\Structures</Filter>
    </ClInclude>
    <ClInclude Include="Lab2\Structures\Subject.h">
      <Filter>Header Files\Lab2\Structures</Filter>
    </ClInclude>
    <ClInclude Include="Lab3\Book.h">
      <Filter>Header Files\Lab3</Filter>
    </ClInclude>
    <ClInclude Include="Lab3\Route.h">
      <Filter>Header Files\Lab3</Filter>
    </ClInclude>
    <ClInclude Include="Lab2\Structures\RectangleLab2.h">
      <Filter>Header Files\Lab2\Structures</Filter>
    </ClInclude>
    <ClInclude Include="Lab2\Structures\TimeLab2.h">
      <Filter>Header Files\Lab2\Structures</Filter>
    </ClInclude>
    <ClInclude Include="Lab2\Structures\FlightLab2.h">
      <Filter>Header Files\Lab2\Structures</Filter>
    </ClInclude>
    <ClInclude Include="Lab2\Enums\MovieGenre.h">
      <Filter>Header Files\Lab2\Enums</Filter>
    </ClInclude>
    <ClInclude Include="Lab3\Flight.h">
      <Filter>Header Files\Lab3</Filter>
    </ClInclude>
    <ClInclude Include="Lab3\Rectangle.h">
      <Filter>Header Files\Lab3</Filter>
    </ClInclude>
    <ClInclude Include="Lab3\Time.h">
      <Filter>Header Files\Lab3</Filter>
    </ClInclude>
    <ClInclude Include="Lab3\Point.h">
      <Filter>Header Files\Lab3</Filter>
    </ClInclude>
    <ClInclude Include="Lab3\Genre.h">
      <Filter>Header Files\Lab3</Filter>
    </ClInclude>
    <ClInclude Include="Lab3\Song.h">
      <Filter>Header Files\Lab3</Filter>
    </ClInclude>
    <ClInclude Include="Lab3\Album.h">
      <Filter>Header Files\Lab3</Filter>
    </ClInclude>
    <ClInclude Include="Lab3\Band.h">
      <Filter>Header Files\Lab3</Filter>
    </ClInclude>
  </ItemGroup>
  <ItemGroup>
    <None Include=".editorconfig" />
  </ItemGroup>
</Project>